// !$*UTF8*$!
{
	archiveVersion = 1;
	classes = {
	};
	objectVersion = 46;
	objects = {

/* Begin PBXBuildFile section */
		5D4F5B421D398A5700DFB8E1 /* RecentTableViewCell.swift in Sources */ = {isa = PBXBuildFile; fileRef = 5D4F5B411D398A5700DFB8E1 /* RecentTableViewCell.swift */; };
		5D4F5B461D3A7C3500DFB8E1 /* HelperFunctions.swift in Sources */ = {isa = PBXBuildFile; fileRef = 5D4F5B451D3A7C3500DFB8E1 /* HelperFunctions.swift */; };
		5D4F5B491D3ABDEC00DFB8E1 /* RecentsViewController.swift in Sources */ = {isa = PBXBuildFile; fileRef = 5D4F5B481D3ABDEC00DFB8E1 /* RecentsViewController.swift */; };
		5D4F5B4B1D3AC24400DFB8E1 /* Recent.swift in Sources */ = {isa = PBXBuildFile; fileRef = 5D4F5B4A1D3AC24400DFB8E1 /* Recent.swift */; };
		5D4F5B4D1D3C203000DFB8E1 /* NewChatViewController.swift in Sources */ = {isa = PBXBuildFile; fileRef = 5D4F5B4C1D3C203000DFB8E1 /* NewChatViewController.swift */; };
		5D769ECF1D2FAED800DCA6DC /* AppDelegate.swift in Sources */ = {isa = PBXBuildFile; fileRef = 5D769ECE1D2FAED800DCA6DC /* AppDelegate.swift */; };
		5D769ED41D2FAED800DCA6DC /* Main.storyboard in Resources */ = {isa = PBXBuildFile; fileRef = 5D769ED21D2FAED800DCA6DC /* Main.storyboard */; };
		5D769ED61D2FAED800DCA6DC /* Assets.xcassets in Resources */ = {isa = PBXBuildFile; fileRef = 5D769ED51D2FAED800DCA6DC /* Assets.xcassets */; };
		5D769ED91D2FAED800DCA6DC /* LaunchScreen.storyboard in Resources */ = {isa = PBXBuildFile; fileRef = 5D769ED71D2FAED800DCA6DC /* LaunchScreen.storyboard */; };
		5D769EE21D2FBBC700DCA6DC /* Constants.swift in Sources */ = {isa = PBXBuildFile; fileRef = 5D769EE11D2FBBC700DCA6DC /* Constants.swift */; };
		5D769EE61D300E9100DCA6DC /* GoogleService-Info.plist in Resources */ = {isa = PBXBuildFile; fileRef = 5D769EE51D300E9100DCA6DC /* GoogleService-Info.plist */; };
		5D769EE81D3122AB00DCA6DC /* WelcomeViewController.swift in Sources */ = {isa = PBXBuildFile; fileRef = 5D769EE71D3122AB00DCA6DC /* WelcomeViewController.swift */; };
		5D769EEE1D33F7C500DCA6DC /* CustomButton.swift in Sources */ = {isa = PBXBuildFile; fileRef = 5D769EED1D33F7C500DCA6DC /* CustomButton.swift */; };
		5D769EF01D33F9C600DCA6DC /* LoginViewController.swift in Sources */ = {isa = PBXBuildFile; fileRef = 5D769EEF1D33F9C600DCA6DC /* LoginViewController.swift */; };
		5D769EF21D33F9D300DCA6DC /* RegisterViewController.swift in Sources */ = {isa = PBXBuildFile; fileRef = 5D769EF11D33F9D300DCA6DC /* RegisterViewController.swift */; };
		5D769EF41D33FDCB00DCA6DC /* CustomTextField.swift in Sources */ = {isa = PBXBuildFile; fileRef = 5D769EF31D33FDCB00DCA6DC /* CustomTextField.swift */; };
		5D769EF71D33FEF200DCA6DC /* BackendlessFunctions.swift in Sources */ = {isa = PBXBuildFile; fileRef = 5D769EF61D33FEF200DCA6DC /* BackendlessFunctions.swift */; };
		5D769EFE1D368ED800DCA6DC /* ProgressHUD.bundle in Resources */ = {isa = PBXBuildFile; fileRef = 5D769EFB1D368ED800DCA6DC /* ProgressHUD.bundle */; };
		5D769EFF1D368ED800DCA6DC /* ProgressHUD.m in Sources */ = {isa = PBXBuildFile; fileRef = 5D769EFD1D368ED800DCA6DC /* ProgressHUD.m */; };
		CF275176905ACBEB8A04A7C7 /* Pods_QuickChat.framework in Frameworks */ = {isa = PBXBuildFile; fileRef = 8893E3DC9FAE16BD5D826C08 /* Pods_QuickChat.framework */; };
/* End PBXBuildFile section */

/* Begin PBXFileReference section */
		5D4F5B411D398A5700DFB8E1 /* RecentTableViewCell.swift */ = {isa = PBXFileReference; fileEncoding = 4; lastKnownFileType = sourcecode.swift; path = RecentTableViewCell.swift; sourceTree = "<group>"; };
		5D4F5B451D3A7C3500DFB8E1 /* HelperFunctions.swift */ = {isa = PBXFileReference; fileEncoding = 4; lastKnownFileType = sourcecode.swift; path = HelperFunctions.swift; sourceTree = "<group>"; };
		5D4F5B481D3ABDEC00DFB8E1 /* RecentsViewController.swift */ = {isa = PBXFileReference; fileEncoding = 4; lastKnownFileType = sourcecode.swift; path = RecentsViewController.swift; sourceTree = "<group>"; };
		5D4F5B4A1D3AC24400DFB8E1 /* Recent.swift */ = {isa = PBXFileReference; fileEncoding = 4; lastKnownFileType = sourcecode.swift; path = Recent.swift; sourceTree = "<group>"; };
		5D4F5B4C1D3C203000DFB8E1 /* NewChatViewController.swift */ = {isa = PBXFileReference; fileEncoding = 4; lastKnownFileType = sourcecode.swift; path = NewChatViewController.swift; sourceTree = "<group>"; };
		5D769ECB1D2FAED800DCA6DC /* QuickChat.app */ = {isa = PBXFileReference; explicitFileType = wrapper.application; includeInIndex = 0; path = QuickChat.app; sourceTree = BUILT_PRODUCTS_DIR; };
		5D769ECE1D2FAED800DCA6DC /* AppDelegate.swift */ = {isa = PBXFileReference; lastKnownFileType = sourcecode.swift; path = AppDelegate.swift; sourceTree = "<group>"; };
		5D769ED31D2FAED800DCA6DC /* Base */ = {isa = PBXFileReference; lastKnownFileType = file.storyboard; name = Base; path = Base.lproj/Main.storyboard; sourceTree = "<group>"; };
		5D769ED51D2FAED800DCA6DC /* Assets.xcassets */ = {isa = PBXFileReference; lastKnownFileType = folder.assetcatalog; path = Assets.xcassets; sourceTree = "<group>"; };
		5D769ED81D2FAED800DCA6DC /* Base */ = {isa = PBXFileReference; lastKnownFileType = file.storyboard; name = Base; path = Base.lproj/LaunchScreen.storyboard; sourceTree = "<group>"; };
		5D769EDA1D2FAED800DCA6DC /* Info.plist */ = {isa = PBXFileReference; lastKnownFileType = text.plist.xml; path = Info.plist; sourceTree = "<group>"; };
		5D769EE11D2FBBC700DCA6DC /* Constants.swift */ = {isa = PBXFileReference; fileEncoding = 4; lastKnownFileType = sourcecode.swift; path = Constants.swift; sourceTree = "<group>"; };
		5D769EE51D300E9100DCA6DC /* GoogleService-Info.plist */ = {isa = PBXFileReference; fileEncoding = 4; lastKnownFileType = text.plist.xml; path = "GoogleService-Info.plist"; sourceTree = "<group>"; };
		5D769EE71D3122AB00DCA6DC /* WelcomeViewController.swift */ = {isa = PBXFileReference; fileEncoding = 4; lastKnownFileType = sourcecode.swift; lineEnding = 0; path = WelcomeViewController.swift; sourceTree = "<group>"; xcLanguageSpecificationIdentifier = xcode.lang.swift; };
		5D769EED1D33F7C500DCA6DC /* CustomButton.swift */ = {isa = PBXFileReference; fileEncoding = 4; lastKnownFileType = sourcecode.swift; path = CustomButton.swift; sourceTree = "<group>"; };
		5D769EEF1D33F9C600DCA6DC /* LoginViewController.swift */ = {isa = PBXFileReference; fileEncoding = 4; lastKnownFileType = sourcecode.swift; path = LoginViewController.swift; sourceTree = "<group>"; };
		5D769EF11D33F9D300DCA6DC /* RegisterViewController.swift */ = {isa = PBXFileReference; fileEncoding = 4; lastKnownFileType = sourcecode.swift; lineEnding = 0; path = RegisterViewController.swift; sourceTree = "<group>"; xcLanguageSpecificationIdentifier = xcode.lang.swift; };
		5D769EF31D33FDCB00DCA6DC /* CustomTextField.swift */ = {isa = PBXFileReference; fileEncoding = 4; lastKnownFileType = sourcecode.swift; path = CustomTextField.swift; sourceTree = "<group>"; };
		5D769EF61D33FEF200DCA6DC /* BackendlessFunctions.swift */ = {isa = PBXFileReference; fileEncoding = 4; lastKnownFileType = sourcecode.swift; lineEnding = 0; path = BackendlessFunctions.swift; sourceTree = "<group>"; xcLanguageSpecificationIdentifier = xcode.lang.swift; };
		5D769EFB1D368ED800DCA6DC /* ProgressHUD.bundle */ = {isa = PBXFileReference; lastKnownFileType = "wrapper.plug-in"; path = ProgressHUD.bundle; sourceTree = "<group>"; };
		5D769EFC1D368ED800DCA6DC /* ProgressHUD.h */ = {isa = PBXFileReference; fileEncoding = 4; lastKnownFileType = sourcecode.c.h; path = ProgressHUD.h; sourceTree = "<group>"; };
		5D769EFD1D368ED800DCA6DC /* ProgressHUD.m */ = {isa = PBXFileReference; fileEncoding = 4; lastKnownFileType = sourcecode.c.objc; path = ProgressHUD.m; sourceTree = "<group>"; };
		8893E3DC9FAE16BD5D826C08 /* Pods_QuickChat.framework */ = {isa = PBXFileReference; explicitFileType = wrapper.framework; includeInIndex = 0; path = Pods_QuickChat.framework; sourceTree = BUILT_PRODUCTS_DIR; };
		C0B5E4B1E8056D6D0BB30506 /* Pods-QuickChat.debug.xcconfig */ = {isa = PBXFileReference; includeInIndex = 1; lastKnownFileType = text.xcconfig; name = "Pods-QuickChat.debug.xcconfig"; path = "Pods/Target Support Files/Pods-QuickChat/Pods-QuickChat.debug.xcconfig"; sourceTree = "<group>"; };
		F80F0B6C5FFD27EED1E36708 /* Pods-QuickChat.release.xcconfig */ = {isa = PBXFileReference; includeInIndex = 1; lastKnownFileType = text.xcconfig; name = "Pods-QuickChat.release.xcconfig"; path = "Pods/Target Support Files/Pods-QuickChat/Pods-QuickChat.release.xcconfig"; sourceTree = "<group>"; };
/* End PBXFileReference section */

/* Begin PBXFrameworksBuildPhase section */
		5D769EC81D2FAED800DCA6DC /* Frameworks */ = {
			isa = PBXFrameworksBuildPhase;
			buildActionMask = 2147483647;
			files = (
				CF275176905ACBEB8A04A7C7 /* Pods_QuickChat.framework in Frameworks */,
			);
			runOnlyForDeploymentPostprocessing = 0;
		};
/* End PBXFrameworksBuildPhase section */

/* Begin PBXGroup section */
		3843D91712E54EFBD439504F /* Pods */ = {
			isa = PBXGroup;
			children = (
				C0B5E4B1E8056D6D0BB30506 /* Pods-QuickChat.debug.xcconfig */,
				F80F0B6C5FFD27EED1E36708 /* Pods-QuickChat.release.xcconfig */,
			);
			name = Pods;
			sourceTree = "<group>";
		};
		5D4F5B471D3ABDB700DFB8E1 /* Login */ = {
			isa = PBXGroup;
			children = (
				5D769EE71D3122AB00DCA6DC /* WelcomeViewController.swift */,
				5D769EEF1D33F9C600DCA6DC /* LoginViewController.swift */,
				5D769EF11D33F9D300DCA6DC /* RegisterViewController.swift */,
			);
			name = Login;
			sourceTree = "<group>";
		};
		5D769EC21D2FAED800DCA6DC = {
			isa = PBXGroup;
			children = (
				5D769ECD1D2FAED800DCA6DC /* QuickChat */,
				5D769ECC1D2FAED800DCA6DC /* Products */,
				3843D91712E54EFBD439504F /* Pods */,
				867A85827C7587B17A1670CD /* Frameworks */,
			);
			sourceTree = "<group>";
		};
		5D769ECC1D2FAED800DCA6DC /* Products */ = {
			isa = PBXGroup;
			children = (
				5D769ECB1D2FAED800DCA6DC /* QuickChat.app */,
			);
			name = Products;
			sourceTree = "<group>";
		};
		5D769ECD1D2FAED800DCA6DC /* QuickChat */ = {
			isa = PBXGroup;
			children = (
				5D769F001D368EE600DCA6DC /* Helpers */,
				5D769EF51D33FEE000DCA6DC /* Utilities */,
				5D769EE01D2FBBB800DCA6DC /* Constants */,
				5D769EEB1D3122BC00DCA6DC /* Model */,
				5D769EEA1D3122B700DCA6DC /* Views */,
				5D769EE91D3122B000DCA6DC /* Controllers */,
				5D769ECE1D2FAED800DCA6DC /* AppDelegate.swift */,
				5D769ED51D2FAED800DCA6DC /* Assets.xcassets */,
				5D769EDA1D2FAED800DCA6DC /* Info.plist */,
				5D769EE51D300E9100DCA6DC /* GoogleService-Info.plist */,
			);
			path = QuickChat;
			sourceTree = "<group>";
		};
		5D769EE01D2FBBB800DCA6DC /* Constants */ = {
			isa = PBXGroup;
			children = (
				5D769EE11D2FBBC700DCA6DC /* Constants.swift */,
			);
			name = Constants;
			sourceTree = "<group>";
		};
		5D769EE91D3122B000DCA6DC /* Controllers */ = {
			isa = PBXGroup;
			children = (
				5D4F5B471D3ABDB700DFB8E1 /* Login */,
				5D769EEC1D33F7A900DCA6DC /* CustomClass */,
				5D4F5B481D3ABDEC00DFB8E1 /* RecentsViewController.swift */,
				5D4F5B4C1D3C203000DFB8E1 /* NewChatViewController.swift */,
			);
			name = Controllers;
			sourceTree = "<group>";
		};
		5D769EEA1D3122B700DCA6DC /* Views */ = {
			isa = PBXGroup;
			children = (
				5D769ED21D2FAED800DCA6DC /* Main.storyboard */,
				5D769ED71D2FAED800DCA6DC /* LaunchScreen.storyboard */,
			);
			name = Views;
			sourceTree = "<group>";
		};
		5D769EEB1D3122BC00DCA6DC /* Model */ = {
			isa = PBXGroup;
			children = (
				5D4F5B4A1D3AC24400DFB8E1 /* Recent.swift */,
			);
			name = Model;
			sourceTree = "<group>";
		};
		5D769EEC1D33F7A900DCA6DC /* CustomClass */ = {
			isa = PBXGroup;
			children = (
				5D769EED1D33F7C500DCA6DC /* CustomButton.swift */,
				5D769EF31D33FDCB00DCA6DC /* CustomTextField.swift */,
				5D4F5B411D398A5700DFB8E1 /* RecentTableViewCell.swift */,
			);
			name = CustomClass;
			sourceTree = "<group>";
		};
		5D769EF51D33FEE000DCA6DC /* Utilities */ = {
			isa = PBXGroup;
			children = (
				5D769EF61D33FEF200DCA6DC /* BackendlessFunctions.swift */,
				5D4F5B451D3A7C3500DFB8E1 /* HelperFunctions.swift */,
			);
			name = Utilities;
			sourceTree = "<group>";
		};
		5D769EFA1D368ED800DCA6DC /* ProgressHUD */ = {
			isa = PBXGroup;
			children = (
				5D769EFB1D368ED800DCA6DC /* ProgressHUD.bundle */,
				5D769EFC1D368ED800DCA6DC /* ProgressHUD.h */,
				5D769EFD1D368ED800DCA6DC /* ProgressHUD.m */,
			);
			name = ProgressHUD;
			path = ../ProgressHUD;
			sourceTree = "<group>";
		};
		5D769F001D368EE600DCA6DC /* Helpers */ = {
			isa = PBXGroup;
			children = (
				5D769EFA1D368ED800DCA6DC /* ProgressHUD */,
			);
			name = Helpers;
			sourceTree = "<group>";
		};
		867A85827C7587B17A1670CD /* Frameworks */ = {
			isa = PBXGroup;
			children = (
				8893E3DC9FAE16BD5D826C08 /* Pods_QuickChat.framework */,
			);
			name = Frameworks;
			sourceTree = "<group>";
		};
/* End PBXGroup section */

/* Begin PBXNativeTarget section */
		5D769ECA1D2FAED800DCA6DC /* QuickChat */ = {
			isa = PBXNativeTarget;
			buildConfigurationList = 5D769EDD1D2FAED800DCA6DC /* Build configuration list for PBXNativeTarget "QuickChat" */;
			buildPhases = (
				CF41F22A10FDDCE0D212DBB9 /* 📦 Check Pods Manifest.lock */,
				5D769EC71D2FAED800DCA6DC /* Sources */,
				5D769EC81D2FAED800DCA6DC /* Frameworks */,
				5D769EC91D2FAED800DCA6DC /* Resources */,
				7C4C781914B8FEDDF3D8A1D7 /* 📦 Embed Pods Frameworks */,
				37DA57922D85CEB1165C7359 /* 📦 Copy Pods Resources */,
			);
			buildRules = (
			);
			dependencies = (
			);
			name = QuickChat;
			productName = QuickChat;
			productReference = 5D769ECB1D2FAED800DCA6DC /* QuickChat.app */;
			productType = "com.apple.product-type.application";
		};
/* End PBXNativeTarget section */

/* Begin PBXProject section */
		5D769EC31D2FAED800DCA6DC /* Project object */ = {
			isa = PBXProject;
			attributes = {
				LastSwiftUpdateCheck = 0730;
				LastUpgradeCheck = 0730;
				ORGANIZATIONNAME = PeymaniuM;
				TargetAttributes = {
					5D769ECA1D2FAED800DCA6DC = {
						CreatedOnToolsVersion = 7.3.1;
						DevelopmentTeam = V68PPU5TQ8;
					};
				};
			};
			buildConfigurationList = 5D769EC61D2FAED800DCA6DC /* Build configuration list for PBXProject "QuickChat" */;
			compatibilityVersion = "Xcode 3.2";
			developmentRegion = English;
			hasScannedForEncodings = 0;
			knownRegions = (
				en,
				Base,
			);
			mainGroup = 5D769EC21D2FAED800DCA6DC;
			productRefGroup = 5D769ECC1D2FAED800DCA6DC /* Products */;
			projectDirPath = "";
			projectRoot = "";
			targets = (
				5D769ECA1D2FAED800DCA6DC /* QuickChat */,
			);
		};
/* End PBXProject section */

/* Begin PBXResourcesBuildPhase section */
		5D769EC91D2FAED800DCA6DC /* Resources */ = {
			isa = PBXResourcesBuildPhase;
			buildActionMask = 2147483647;
			files = (
				5D769ED91D2FAED800DCA6DC /* LaunchScreen.storyboard in Resources */,
				5D769EE61D300E9100DCA6DC /* GoogleService-Info.plist in Resources */,
				5D769ED61D2FAED800DCA6DC /* Assets.xcassets in Resources */,
				5D769EFE1D368ED800DCA6DC /* ProgressHUD.bundle in Resources */,
				5D769ED41D2FAED800DCA6DC /* Main.storyboard in Resources */,
			);
			runOnlyForDeploymentPostprocessing = 0;
		};
/* End PBXResourcesBuildPhase section */

/* Begin PBXShellScriptBuildPhase section */
		37DA57922D85CEB1165C7359 /* 📦 Copy Pods Resources */ = {
			isa = PBXShellScriptBuildPhase;
			buildActionMask = 2147483647;
			files = (
			);
			inputPaths = (
			);
			name = "📦 Copy Pods Resources";
			outputPaths = (
			);
			runOnlyForDeploymentPostprocessing = 0;
			shellPath = /bin/sh;
			shellScript = "\"${SRCROOT}/Pods/Target Support Files/Pods-QuickChat/Pods-QuickChat-resources.sh\"\n";
			showEnvVarsInLog = 0;
		};
		7C4C781914B8FEDDF3D8A1D7 /* 📦 Embed Pods Frameworks */ = {
			isa = PBXShellScriptBuildPhase;
			buildActionMask = 2147483647;
			files = (
			);
			inputPaths = (
			);
			name = "📦 Embed Pods Frameworks";
			outputPaths = (
			);
			runOnlyForDeploymentPostprocessing = 0;
			shellPath = /bin/sh;
			shellScript = "\"${SRCROOT}/Pods/Target Support Files/Pods-QuickChat/Pods-QuickChat-frameworks.sh\"\n";
			showEnvVarsInLog = 0;
		};
		CF41F22A10FDDCE0D212DBB9 /* 📦 Check Pods Manifest.lock */ = {
			isa = PBXShellScriptBuildPhase;
			buildActionMask = 2147483647;
			files = (
			);
			inputPaths = (
			);
			name = "📦 Check Pods Manifest.lock";
			outputPaths = (
			);
			runOnlyForDeploymentPostprocessing = 0;
			shellPath = /bin/sh;
			shellScript = "diff \"${PODS_ROOT}/../Podfile.lock\" \"${PODS_ROOT}/Manifest.lock\" > /dev/null\nif [[ $? != 0 ]] ; then\n    cat << EOM\nerror: The sandbox is not in sync with the Podfile.lock. Run 'pod install' or update your CocoaPods installation.\nEOM\n    exit 1\nfi\n";
			showEnvVarsInLog = 0;
		};
/* End PBXShellScriptBuildPhase section */

/* Begin PBXSourcesBuildPhase section */
		5D769EC71D2FAED800DCA6DC /* Sources */ = {
			isa = PBXSourcesBuildPhase;
			buildActionMask = 2147483647;
			files = (
				5D769EFF1D368ED800DCA6DC /* ProgressHUD.m in Sources */,
				5D4F5B4B1D3AC24400DFB8E1 /* Recent.swift in Sources */,
				5D769EF41D33FDCB00DCA6DC /* CustomTextField.swift in Sources */,
				5D769EEE1D33F7C500DCA6DC /* CustomButton.swift in Sources */,
				5D769EE81D3122AB00DCA6DC /* WelcomeViewController.swift in Sources */,
				5D4F5B461D3A7C3500DFB8E1 /* HelperFunctions.swift in Sources */,
				5D769ECF1D2FAED800DCA6DC /* AppDelegate.swift in Sources */,
				5D4F5B4D1D3C203000DFB8E1 /* NewChatViewController.swift in Sources */,
				5D4F5B421D398A5700DFB8E1 /* RecentTableViewCell.swift in Sources */,
				5D769EF21D33F9D300DCA6DC /* RegisterViewController.swift in Sources */,
				5D769EF71D33FEF200DCA6DC /* BackendlessFunctions.swift in Sources */,
				5D4F5B491D3ABDEC00DFB8E1 /* RecentsViewController.swift in Sources */,
				5D769EF01D33F9C600DCA6DC /* LoginViewController.swift in Sources */,
				5D769EE21D2FBBC700DCA6DC /* Constants.swift in Sources */,
			);
			runOnlyForDeploymentPostprocessing = 0;
		};
/* End PBXSourcesBuildPhase section */

/* Begin PBXVariantGroup section */
		5D769ED21D2FAED800DCA6DC /* Main.storyboard */ = {
			isa = PBXVariantGroup;
			children = (
				5D769ED31D2FAED800DCA6DC /* Base */,
			);
			name = Main.storyboard;
			sourceTree = "<group>";
		};
		5D769ED71D2FAED800DCA6DC /* LaunchScreen.storyboard */ = {
			isa = PBXVariantGroup;
			children = (
				5D769ED81D2FAED800DCA6DC /* Base */,
			);
			name = LaunchScreen.storyboard;
			sourceTree = "<group>";
		};
/* End PBXVariantGroup section */

/* Begin XCBuildConfiguration section */
		5D769EDB1D2FAED800DCA6DC /* Debug */ = {
			isa = XCBuildConfiguration;
			buildSettings = {
				ALWAYS_SEARCH_USER_PATHS = NO;
				CLANG_ANALYZER_NONNULL = YES;
				CLANG_CXX_LANGUAGE_STANDARD = "gnu++0x";
				CLANG_CXX_LIBRARY = "libc++";
				CLANG_ENABLE_MODULES = YES;
				CLANG_ENABLE_OBJC_ARC = YES;
				CLANG_WARN_BOOL_CONVERSION = YES;
				CLANG_WARN_CONSTANT_CONVERSION = YES;
				CLANG_WARN_DIRECT_OBJC_ISA_USAGE = YES_ERROR;
				CLANG_WARN_EMPTY_BODY = YES;
				CLANG_WARN_ENUM_CONVERSION = YES;
				CLANG_WARN_INT_CONVERSION = YES;
				CLANG_WARN_OBJC_ROOT_CLASS = YES_ERROR;
				CLANG_WARN_UNREACHABLE_CODE = YES;
				CLANG_WARN__DUPLICATE_METHOD_MATCH = YES;
				"CODE_SIGN_IDENTITY[sdk=iphoneos*]" = "iPhone Developer";
				COPY_PHASE_STRIP = NO;
				DEBUG_INFORMATION_FORMAT = dwarf;
				ENABLE_STRICT_OBJC_MSGSEND = YES;
				ENABLE_TESTABILITY = YES;
				GCC_C_LANGUAGE_STANDARD = gnu99;
				GCC_DYNAMIC_NO_PIC = NO;
				GCC_NO_COMMON_BLOCKS = YES;
				GCC_OPTIMIZATION_LEVEL = 0;
				GCC_PREPROCESSOR_DEFINITIONS = (
					"DEBUG=1",
					"$(inherited)",
				);
				GCC_WARN_64_TO_32_BIT_CONVERSION = YES;
				GCC_WARN_ABOUT_RETURN_TYPE = YES_ERROR;
				GCC_WARN_UNDECLARED_SELECTOR = YES;
				GCC_WARN_UNINITIALIZED_AUTOS = YES_AGGRESSIVE;
				GCC_WARN_UNUSED_FUNCTION = YES;
				GCC_WARN_UNUSED_VARIABLE = YES;
				IPHONEOS_DEPLOYMENT_TARGET = 9.3;
				MTL_ENABLE_DEBUG_INFO = YES;
				ONLY_ACTIVE_ARCH = YES;
				SDKROOT = iphoneos;
				SWIFT_OPTIMIZATION_LEVEL = "-Onone";
				TARGETED_DEVICE_FAMILY = "1,2";
			};
			name = Debug;
		};
		5D769EDC1D2FAED800DCA6DC /* Release */ = {
			isa = XCBuildConfiguration;
			buildSettings = {
				ALWAYS_SEARCH_USER_PATHS = NO;
				CLANG_ANALYZER_NONNULL = YES;
				CLANG_CXX_LANGUAGE_STANDARD = "gnu++0x";
				CLANG_CXX_LIBRARY = "libc++";
				CLANG_ENABLE_MODULES = YES;
				CLANG_ENABLE_OBJC_ARC = YES;
				CLANG_WARN_BOOL_CONVERSION = YES;
				CLANG_WARN_CONSTANT_CONVERSION = YES;
				CLANG_WARN_DIRECT_OBJC_ISA_USAGE = YES_ERROR;
				CLANG_WARN_EMPTY_BODY = YES;
				CLANG_WARN_ENUM_CONVERSION = YES;
				CLANG_WARN_INT_CONVERSION = YES;
				CLANG_WARN_OBJC_ROOT_CLASS = YES_ERROR;
				CLANG_WARN_UNREACHABLE_CODE = YES;
				CLANG_WARN__DUPLICATE_METHOD_MATCH = YES;
				"CODE_SIGN_IDENTITY[sdk=iphoneos*]" = "iPhone Developer";
				COPY_PHASE_STRIP = NO;
				DEBUG_INFORMATION_FORMAT = "dwarf-with-dsym";
				ENABLE_NS_ASSERTIONS = NO;
				ENABLE_STRICT_OBJC_MSGSEND = YES;
				GCC_C_LANGUAGE_STANDARD = gnu99;
				GCC_NO_COMMON_BLOCKS = YES;
				GCC_WARN_64_TO_32_BIT_CONVERSION = YES;
				GCC_WARN_ABOUT_RETURN_TYPE = YES_ERROR;
				GCC_WARN_UNDECLARED_SELECTOR = YES;
				GCC_WARN_UNINITIALIZED_AUTOS = YES_AGGRESSIVE;
				GCC_WARN_UNUSED_FUNCTION = YES;
				GCC_WARN_UNUSED_VARIABLE = YES;
				IPHONEOS_DEPLOYMENT_TARGET = 9.3;
				MTL_ENABLE_DEBUG_INFO = NO;
				SDKROOT = iphoneos;
				TARGETED_DEVICE_FAMILY = "1,2";
				VALIDATE_PRODUCT = YES;
			};
			name = Release;
		};
		5D769EDE1D2FAED800DCA6DC /* Debug */ = {
			isa = XCBuildConfiguration;
			baseConfigurationReference = C0B5E4B1E8056D6D0BB30506 /* Pods-QuickChat.debug.xcconfig */;
			buildSettings = {
				ASSETCATALOG_COMPILER_APPICON_NAME = AppIcon;
				INFOPLIST_FILE = QuickChat/Info.plist;
				LD_RUNPATH_SEARCH_PATHS = "$(inherited) @executable_path/Frameworks";
				PRODUCT_BUNDLE_IDENTIFIER = com.peymanium.QuickChat;
				PRODUCT_NAME = "$(TARGET_NAME)";
			};
			name = Debug;
		};
		5D769EDF1D2FAED800DCA6DC /* Release */ = {
			isa = XCBuildConfiguration;
			baseConfigurationReference = F80F0B6C5FFD27EED1E36708 /* Pods-QuickChat.release.xcconfig */;
			buildSettings = {
				ASSETCATALOG_COMPILER_APPICON_NAME = AppIcon;
				INFOPLIST_FILE = QuickChat/Info.plist;
				LD_RUNPATH_SEARCH_PATHS = "$(inherited) @executable_path/Frameworks";
				PRODUCT_BUNDLE_IDENTIFIER = com.peymanium.QuickChat;
				PRODUCT_NAME = "$(TARGET_NAME)";
			};
			name = Release;
		};
/* End XCBuildConfiguration section */

/* Begin XCConfigurationList section */
		5D769EC61D2FAED800DCA6DC /* Build configuration list for PBXProject "QuickChat" */ = {
			isa = XCConfigurationList;
			buildConfigurations = (
				5D769EDB1D2FAED800DCA6DC /* Debug */,
				5D769EDC1D2FAED800DCA6DC /* Release */,
			);
			defaultConfigurationIsVisible = 0;
			defaultConfigurationName = Release;
		};
		5D769EDD1D2FAED800DCA6DC /* Build configuration list for PBXNativeTarget "QuickChat" */ = {
			isa = XCConfigurationList;
			buildConfigurations = (
				5D769EDE1D2FAED800DCA6DC /* Debug */,
				5D769EDF1D2FAED800DCA6DC /* Release */,
			);
			defaultConfigurationIsVisible = 0;
			defaultConfigurationName = Release;
		};
/* End XCConfigurationList section */
	};
	rootObject = 5D769EC31D2FAED800DCA6DC /* Project object */;
}
